
Microsoft Visual Studio Solution File, Format Version 12.00
# Visual Studio Version 17
VisualStudioVersion = 17.0.32014.148
MinimumVisualStudioVersion = 10.0.40219.1
Project("{FAE04EC0-301F-11D3-BF4B-00C04F79EFBC}") = "MatchGame", "MatchGame\MatchGame.csproj", "{77548843-904B-4F1D-B5FA-C02CF231BDB8}"
EndProject
Global
	GlobalSection(SolutionConfigurationPlatforms) = preSolution
		Debug|Any CPU = Debug|Any CPU
		Release|Any CPU = Release|Any CPU
	EndGlobalSection
	GlobalSection(ProjectConfigurationPlatforms) = postSolution
		{77548843-904B-4F1D-B5FA-C02CF231BDB8}.Debug|Any CPU.ActiveCfg = Debug|Any CPU
		{77548843-904B-4F1D-B5FA-C02CF231BDB8}.Debug|Any CPU.Build.0 = Debug|Any CPU
		{77548843-904B-4F1D-B5FA-C02CF231BDB8}.Release|Any CPU.ActiveCfg = Release|Any CPU
		{77548843-904B-4F1D-B5FA-C02CF231BDB8}.Release|Any CPU.Build.0 = Release|Any CPU
	EndGlobalSection
	GlobalSection(SolutionProperties) = preSolution
		HideSolutionNode = FALSE
	EndGlobalSection
	GlobalSection(ExtensibilityGlobals) = postSolution
		SolutionGuid = {EB709B3D-7BE2-473E-816D-AF5B5D03E876}
	EndGlobalSection
EndGlobal
